// !$*UTF8*$!
{
	archiveVersion = 1;
	classes = {
	};
	objectVersion = 46;
	objects = {

/* Begin PBXAggregateTarget section */
		891460291B6F8825002C4EA9 /* FFMPEG */ = {
			isa = PBXAggregateTarget;
			buildConfigurationList = 8914602A1B6F8825002C4EA9 /* Build configuration list for PBXAggregateTarget "FFMPEG" */;
			buildPhases = (
			);
			dependencies = (
			);
			name = FFMPEG;
			productName = FFMPEG;
		};
/* End PBXAggregateTarget section */

/* Begin PBXBuildFile section */
		89145FF31B6F5648002C4EA9 /* AppDelegate.swift in Sources */ = {isa = PBXBuildFile; fileRef = 89145FF21B6F5648002C4EA9 /* AppDelegate.swift */; };
		89145FF51B6F5648002C4EA9 /* ViewController.swift in Sources */ = {isa = PBXBuildFile; fileRef = 89145FF41B6F5648002C4EA9 /* ViewController.swift */; };
		89145FF81B6F5648002C4EA9 /* Main.storyboard in Resources */ = {isa = PBXBuildFile; fileRef = 89145FF61B6F5648002C4EA9 /* Main.storyboard */; };
		89145FFA1B6F5648002C4EA9 /* Images.xcassets in Resources */ = {isa = PBXBuildFile; fileRef = 89145FF91B6F5648002C4EA9 /* Images.xcassets */; };
		89145FFD1B6F5648002C4EA9 /* LaunchScreen.xib in Resources */ = {isa = PBXBuildFile; fileRef = 89145FFB1B6F5648002C4EA9 /* LaunchScreen.xib */; };
		891460091B6F5648002C4EA9 /* TestACRCloudTests.swift in Sources */ = {isa = PBXBuildFile; fileRef = 891460081B6F5648002C4EA9 /* TestACRCloudTests.swift */; };
		891460131B6F5668002C4EA9 /* Security.framework in Frameworks */ = {isa = PBXBuildFile; fileRef = 891460121B6F5668002C4EA9 /* Security.framework */; };
		891460151B6F566E002C4EA9 /* libc++.dylib in Frameworks */ = {isa = PBXBuildFile; fileRef = 891460141B6F566E002C4EA9 /* libc++.dylib */; };
		891460171B6F5672002C4EA9 /* AVFoundation.framework in Frameworks */ = {isa = PBXBuildFile; fileRef = 891460161B6F5672002C4EA9 /* AVFoundation.framework */; };
		891460191B6F5679002C4EA9 /* AudioToolbox.framework in Frameworks */ = {isa = PBXBuildFile; fileRef = 891460181B6F5679002C4EA9 /* AudioToolbox.framework */; };
		8914601B1B6F5683002C4EA9 /* libACRCloud_IOS_SDK.a in Frameworks */ = {isa = PBXBuildFile; fileRef = 8914601A1B6F5683002C4EA9 /* libACRCloud_IOS_SDK.a */; };
		891460231B6F5760002C4EA9 /* ACRManager.swift in Sources */ = {isa = PBXBuildFile; fileRef = 891460221B6F5760002C4EA9 /* ACRManager.swift */; };
		891460251B6F5F23002C4EA9 /* MicrophoneManager.swift in Sources */ = {isa = PBXBuildFile; fileRef = 891460241B6F5F23002C4EA9 /* MicrophoneManager.swift */; };
		8914602E1B6F8946002C4EA9 /* LIVE.mp4 in Resources */ = {isa = PBXBuildFile; fileRef = 8914602D1B6F8946002C4EA9 /* LIVE.mp4 */; };
/* End PBXBuildFile section */

/* Begin PBXContainerItemProxy section */
		891460031B6F5648002C4EA9 /* PBXContainerItemProxy */ = {
			isa = PBXContainerItemProxy;
			containerPortal = 89145FE51B6F5648002C4EA9 /* Project object */;
			proxyType = 1;
			remoteGlobalIDString = 89145FEC1B6F5648002C4EA9;
			remoteInfo = TestACRCloud;
		};
/* End PBXContainerItemProxy section */

/* Begin PBXFileReference section */
		89145FED1B6F5648002C4EA9 /* TestACRCloud.app */ = {isa = PBXFileReference; explicitFileType = wrapper.application; includeInIndex = 0; path = TestACRCloud.app; sourceTree = BUILT_PRODUCTS_DIR; };
		89145FF11B6F5648002C4EA9 /* Info.plist */ = {isa = PBXFileReference; lastKnownFileType = text.plist.xml; path = Info.plist; sourceTree = "<group>"; };
		89145FF21B6F5648002C4EA9 /* AppDelegate.swift */ = {isa = PBXFileReference; lastKnownFileType = sourcecode.swift; path = AppDelegate.swift; sourceTree = "<group>"; };
		89145FF41B6F5648002C4EA9 /* ViewController.swift */ = {isa = PBXFileReference; lastKnownFileType = sourcecode.swift; path = ViewController.swift; sourceTree = "<group>"; };
		89145FF71B6F5648002C4EA9 /* Base */ = {isa = PBXFileReference; lastKnownFileType = file.storyboard; name = Base; path = Base.lproj/Main.storyboard; sourceTree = "<group>"; };
		89145FF91B6F5648002C4EA9 /* Images.xcassets */ = {isa = PBXFileReference; lastKnownFileType = folder.assetcatalog; path = Images.xcassets; sourceTree = "<group>"; };
		89145FFC1B6F5648002C4EA9 /* Base */ = {isa = PBXFileReference; lastKnownFileType = file.xib; name = Base; path = Base.lproj/LaunchScreen.xib; sourceTree = "<group>"; };
		891460021B6F5648002C4EA9 /* TestACRCloudTests.xctest */ = {isa = PBXFileReference; explicitFileType = wrapper.cfbundle; includeInIndex = 0; path = TestACRCloudTests.xctest; sourceTree = BUILT_PRODUCTS_DIR; };
		891460071B6F5648002C4EA9 /* Info.plist */ = {isa = PBXFileReference; lastKnownFileType = text.plist.xml; path = Info.plist; sourceTree = "<group>"; };
		891460081B6F5648002C4EA9 /* TestACRCloudTests.swift */ = {isa = PBXFileReference; lastKnownFileType = sourcecode.swift; path = TestACRCloudTests.swift; sourceTree = "<group>"; };
		891460121B6F5668002C4EA9 /* Security.framework */ = {isa = PBXFileReference; lastKnownFileType = wrapper.framework; name = Security.framework; path = System/Library/Frameworks/Security.framework; sourceTree = SDKROOT; };
		891460141B6F566E002C4EA9 /* libc++.dylib */ = {isa = PBXFileReference; lastKnownFileType = "compiled.mach-o.dylib"; name = "libc++.dylib"; path = "usr/lib/libc++.dylib"; sourceTree = SDKROOT; };
		891460161B6F5672002C4EA9 /* AVFoundation.framework */ = {isa = PBXFileReference; lastKnownFileType = wrapper.framework; name = AVFoundation.framework; path = System/Library/Frameworks/AVFoundation.framework; sourceTree = SDKROOT; };
		891460181B6F5679002C4EA9 /* AudioToolbox.framework */ = {isa = PBXFileReference; lastKnownFileType = wrapper.framework; name = AudioToolbox.framework; path = System/Library/Frameworks/AudioToolbox.framework; sourceTree = SDKROOT; };
		8914601A1B6F5683002C4EA9 /* libACRCloud_IOS_SDK.a */ = {isa = PBXFileReference; lastKnownFileType = archive.ar; path = libACRCloud_IOS_SDK.a; sourceTree = "<group>"; };
		8914601C1B6F5698002C4EA9 /* ACRCloudConfig.h */ = {isa = PBXFileReference; lastKnownFileType = sourcecode.c.h; path = ACRCloudConfig.h; sourceTree = "<group>"; };
		8914601D1B6F5698002C4EA9 /* ACRCloudRecognition.h */ = {isa = PBXFileReference; lastKnownFileType = sourcecode.c.h; path = ACRCloudRecognition.h; sourceTree = "<group>"; };
		8914601E1B6F56EE002C4EA9 /* TestACRCloud-Bridging-Header.h */ = {isa = PBXFileReference; lastKnownFileType = sourcecode.c.h; path = "TestACRCloud-Bridging-Header.h"; sourceTree = "<group>"; };
		891460221B6F5760002C4EA9 /* ACRManager.swift */ = {isa = PBXFileReference; fileEncoding = 4; lastKnownFileType = sourcecode.swift; path = ACRManager.swift; sourceTree = "<group>"; };
		891460241B6F5F23002C4EA9 /* MicrophoneManager.swift */ = {isa = PBXFileReference; fileEncoding = 4; lastKnownFileType = sourcecode.swift; path = MicrophoneManager.swift; sourceTree = "<group>"; };
		891460281B6F87EC002C4EA9 /* ffmpeg */ = {isa = PBXFileReference; lastKnownFileType = "compiled.mach-o.executable"; path = ffmpeg; sourceTree = "<group>"; };
		8914602D1B6F8946002C4EA9 /* LIVE.mp4 */ = {isa = PBXFileReference; lastKnownFileType = file; path = LIVE.mp4; sourceTree = "<group>"; };
/* End PBXFileReference section */

/* Begin PBXFrameworksBuildPhase section */
		89145FEA1B6F5648002C4EA9 /* Frameworks */ = {
			isa = PBXFrameworksBuildPhase;
			buildActionMask = 2147483647;
			files = (
				891460191B6F5679002C4EA9 /* AudioToolbox.framework in Frameworks */,
				891460171B6F5672002C4EA9 /* AVFoundation.framework in Frameworks */,
				891460151B6F566E002C4EA9 /* libc++.dylib in Frameworks */,
				8914601B1B6F5683002C4EA9 /* libACRCloud_IOS_SDK.a in Frameworks */,
				891460131B6F5668002C4EA9 /* Security.framework in Frameworks */,
			);
			runOnlyForDeploymentPostprocessing = 0;
		};
		89145FFF1B6F5648002C4EA9 /* Frameworks */ = {
			isa = PBXFrameworksBuildPhase;
			buildActionMask = 2147483647;
			files = (
			);
			runOnlyForDeploymentPostprocessing = 0;
		};
/* End PBXFrameworksBuildPhase section */

/* Begin PBXGroup section */
		89145FE41B6F5648002C4EA9 = {
			isa = PBXGroup;
			children = (
				891460281B6F87EC002C4EA9 /* ffmpeg */,
				8914602D1B6F8946002C4EA9 /* LIVE.mp4 */,
				8914601E1B6F56EE002C4EA9 /* TestACRCloud-Bridging-Header.h */,
				8914601A1B6F5683002C4EA9 /* libACRCloud_IOS_SDK.a */,
				8914601C1B6F5698002C4EA9 /* ACRCloudConfig.h */,
				8914601D1B6F5698002C4EA9 /* ACRCloudRecognition.h */,
				891460181B6F5679002C4EA9 /* AudioToolbox.framework */,
				891460161B6F5672002C4EA9 /* AVFoundation.framework */,
				891460141B6F566E002C4EA9 /* libc++.dylib */,
				891460121B6F5668002C4EA9 /* Security.framework */,
				89145FEF1B6F5648002C4EA9 /* TestACRCloud */,
				891460051B6F5648002C4EA9 /* TestACRCloudTests */,
				89145FEE1B6F5648002C4EA9 /* Products */,
			);
			sourceTree = "<group>";
		};
		89145FEE1B6F5648002C4EA9 /* Products */ = {
			isa = PBXGroup;
			children = (
				89145FED1B6F5648002C4EA9 /* TestACRCloud.app */,
				891460021B6F5648002C4EA9 /* TestACRCloudTests.xctest */,
			);
			name = Products;
			sourceTree = "<group>";
		};
		89145FEF1B6F5648002C4EA9 /* TestACRCloud */ = {
			isa = PBXGroup;
			children = (
				891460241B6F5F23002C4EA9 /* MicrophoneManager.swift */,
				89145FF21B6F5648002C4EA9 /* AppDelegate.swift */,
				89145FF41B6F5648002C4EA9 /* ViewController.swift */,
				89145FF61B6F5648002C4EA9 /* Main.storyboard */,
				89145FF91B6F5648002C4EA9 /* Images.xcassets */,
				89145FFB1B6F5648002C4EA9 /* LaunchScreen.xib */,
				89145FF01B6F5648002C4EA9 /* Supporting Files */,
				891460221B6F5760002C4EA9 /* ACRManager.swift */,
			);
			path = TestACRCloud;
			sourceTree = "<group>";
		};
		89145FF01B6F5648002C4EA9 /* Supporting Files */ = {
			isa = PBXGroup;
			children = (
				89145FF11B6F5648002C4EA9 /* Info.plist */,
			);
			name = "Supporting Files";
			sourceTree = "<group>";
		};
		891460051B6F5648002C4EA9 /* TestACRCloudTests */ = {
			isa = PBXGroup;
			children = (
				891460081B6F5648002C4EA9 /* TestACRCloudTests.swift */,
				891460061B6F5648002C4EA9 /* Supporting Files */,
			);
			path = TestACRCloudTests;
			sourceTree = "<group>";
		};
		891460061B6F5648002C4EA9 /* Supporting Files */ = {
			isa = PBXGroup;
			children = (
				891460071B6F5648002C4EA9 /* Info.plist */,
			);
			name = "Supporting Files";
			sourceTree = "<group>";
		};
/* End PBXGroup section */

/* Begin PBXNativeTarget section */
		89145FEC1B6F5648002C4EA9 /* TestACRCloud */ = {
			isa = PBXNativeTarget;
			buildConfigurationList = 8914600C1B6F5648002C4EA9 /* Build configuration list for PBXNativeTarget "TestACRCloud" */;
			buildPhases = (
				89145FE91B6F5648002C4EA9 /* Sources */,
				89145FEA1B6F5648002C4EA9 /* Frameworks */,
				89145FEB1B6F5648002C4EA9 /* Resources */,
			);
			buildRules = (
			);
			dependencies = (
			);
			name = TestACRCloud;
			productName = TestACRCloud;
			productReference = 89145FED1B6F5648002C4EA9 /* TestACRCloud.app */;
			productType = "com.apple.product-type.application";
		};
		891460011B6F5648002C4EA9 /* TestACRCloudTests */ = {
			isa = PBXNativeTarget;
			buildConfigurationList = 8914600F1B6F5648002C4EA9 /* Build configuration list for PBXNativeTarget "TestACRCloudTests" */;
			buildPhases = (
				89145FFE1B6F5648002C4EA9 /* Sources */,
				89145FFF1B6F5648002C4EA9 /* Frameworks */,
				891460001B6F5648002C4EA9 /* Resources */,
			);
			buildRules = (
			);
			dependencies = (
				891460041B6F5648002C4EA9 /* PBXTargetDependency */,
			);
			name = TestACRCloudTests;
			productName = TestACRCloudTests;
			productReference = 891460021B6F5648002C4EA9 /* TestACRCloudTests.xctest */;
			productType = "com.apple.product-type.bundle.unit-test";
		};
/* End PBXNativeTarget section */

/* Begin PBXProject section */
		89145FE51B6F5648002C4EA9 /* Project object */ = {
			isa = PBXProject;
			attributes = {
				LastUpgradeCheck = 0640;
				ORGANIZATIONNAME = Desnos;
				TargetAttributes = {
					89145FEC1B6F5648002C4EA9 = {
						CreatedOnToolsVersion = 6.4;
					};
					891460011B6F5648002C4EA9 = {
						CreatedOnToolsVersion = 6.4;
						TestTargetID = 89145FEC1B6F5648002C4EA9;
					};
					891460291B6F8825002C4EA9 = {
						CreatedOnToolsVersion = 6.4;
					};
				};
			};
			buildConfigurationList = 89145FE81B6F5648002C4EA9 /* Build configuration list for PBXProject "TestACRCloud" */;
			compatibilityVersion = "Xcode 3.2";
			developmentRegion = English;
			hasScannedForEncodings = 0;
			knownRegions = (
				en,
				Base,
			);
			mainGroup = 89145FE41B6F5648002C4EA9;
			productRefGroup = 89145FEE1B6F5648002C4EA9 /* Products */;
			projectDirPath = "";
			projectRoot = "";
			targets = (
				89145FEC1B6F5648002C4EA9 /* TestACRCloud */,
				891460011B6F5648002C4EA9 /* TestACRCloudTests */,
				891460291B6F8825002C4EA9 /* FFMPEG */,
			);
		};
/* End PBXProject section */

/* Begin PBXResourcesBuildPhase section */
		89145FEB1B6F5648002C4EA9 /* Resources */ = {
			isa = PBXResourcesBuildPhase;
			buildActionMask = 2147483647;
			files = (
				89145FF81B6F5648002C4EA9 /* Main.storyboard in Resources */,
				89145FFD1B6F5648002C4EA9 /* LaunchScreen.xib in Resources */,
				89145FFA1B6F5648002C4EA9 /* Images.xcassets in Resources */,
				8914602E1B6F8946002C4EA9 /* LIVE.mp4 in Resources */,
			);
			runOnlyForDeploymentPostprocessing = 0;
		};
		891460001B6F5648002C4EA9 /* Resources */ = {
			isa = PBXResourcesBuildPhase;
			buildActionMask = 2147483647;
			files = (
			);
			runOnlyForDeploymentPostprocessing = 0;
		};
/* End PBXResourcesBuildPhase section */

/* Begin PBXSourcesBuildPhase section */
		89145FE91B6F5648002C4EA9 /* Sources */ = {
			isa = PBXSourcesBuildPhase;
			buildActionMask = 2147483647;
			files = (
				89145FF51B6F5648002C4EA9 /* ViewController.swift in Sources */,
				891460251B6F5F23002C4EA9 /* MicrophoneManager.swift in Sources */,
				891460231B6F5760002C4EA9 /* ACRManager.swift in Sources */,
				89145FF31B6F5648002C4EA9 /* AppDelegate.swift in Sources */,
			);
			runOnlyForDeploymentPostprocessing = 0;
		};
		89145FFE1B6F5648002C4EA9 /* Sources */ = {
			isa = PBXSourcesBuildPhase;
			buildActionMask = 2147483647;
			files = (
				891460091B6F5648002C4EA9 /* TestACRCloudTests.swift in Sources */,
			);
			runOnlyForDeploymentPostprocessing = 0;
		};
/* End PBXSourcesBuildPhase section */

/* Begin PBXTargetDependency section */
		891460041B6F5648002C4EA9 /* PBXTargetDependency */ = {
			isa = PBXTargetDependency;
			target = 89145FEC1B6F5648002C4EA9 /* TestACRCloud */;
			targetProxy = 891460031B6F5648002C4EA9 /* PBXContainerItemProxy */;
		};
/* End PBXTargetDependency section */

/* Begin PBXVariantGroup section */
		89145FF61B6F5648002C4EA9 /* Main.storyboard */ = {
			isa = PBXVariantGroup;
			children = (
				89145FF71B6F5648002C4EA9 /* Base */,
			);
			name = Main.storyboard;
			sourceTree = "<group>";
		};
		89145FFB1B6F5648002C4EA9 /* LaunchScreen.xib */ = {
			isa = PBXVariantGroup;
			children = (
				89145FFC1B6F5648002C4EA9 /* Base */,
			);
			name = LaunchScreen.xib;
			sourceTree = "<group>";
		};
/* End PBXVariantGroup section */

/* Begin XCBuildConfiguration section */
		8914600A1B6F5648002C4EA9 /* Debug */ = {
			isa = XCBuildConfiguration;
			buildSettings = {
				ALWAYS_SEARCH_USER_PATHS = NO;
				CLANG_CXX_LANGUAGE_STANDARD = "gnu++0x";
				CLANG_CXX_LIBRARY = "libc++";
				CLANG_ENABLE_MODULES = YES;
				CLANG_ENABLE_OBJC_ARC = YES;
				CLANG_WARN_BOOL_CONVERSION = YES;
				CLANG_WARN_CONSTANT_CONVERSION = YES;
				CLANG_WARN_DIRECT_OBJC_ISA_USAGE = YES_ERROR;
				CLANG_WARN_EMPTY_BODY = YES;
				CLANG_WARN_ENUM_CONVERSION = YES;
				CLANG_WARN_INT_CONVERSION = YES;
				CLANG_WARN_OBJC_ROOT_CLASS = YES_ERROR;
				CLANG_WARN_UNREACHABLE_CODE = YES;
				CLANG_WARN__DUPLICATE_METHOD_MATCH = YES;
				"CODE_SIGN_IDENTITY[sdk=iphoneos*]" = "iPhone Developer";
				COPY_PHASE_STRIP = NO;
				DEBUG_INFORMATION_FORMAT = "dwarf-with-dsym";
				ENABLE_STRICT_OBJC_MSGSEND = YES;
				GCC_C_LANGUAGE_STANDARD = gnu99;
				GCC_DYNAMIC_NO_PIC = NO;
				GCC_NO_COMMON_BLOCKS = YES;
				GCC_OPTIMIZATION_LEVEL = 0;
				GCC_PREPROCESSOR_DEFINITIONS = (
					"DEBUG=1",
					"$(inherited)",
				);
				GCC_SYMBOLS_PRIVATE_EXTERN = NO;
				GCC_WARN_64_TO_32_BIT_CONVERSION = YES;
				GCC_WARN_ABOUT_RETURN_TYPE = YES_ERROR;
				GCC_WARN_UNDECLARED_SELECTOR = YES;
				GCC_WARN_UNINITIALIZED_AUTOS = YES_AGGRESSIVE;
				GCC_WARN_UNUSED_FUNCTION = YES;
				GCC_WARN_UNUSED_VARIABLE = YES;
				IPHONEOS_DEPLOYMENT_TARGET = 8.4;
				MTL_ENABLE_DEBUG_INFO = YES;
				ONLY_ACTIVE_ARCH = YES;
				SDKROOT = iphoneos;
				SWIFT_OPTIMIZATION_LEVEL = "-Onone";
				TARGETED_DEVICE_FAMILY = "1,2";
			};
			name = Debug;
		};
		8914600B1B6F5648002C4EA9 /* Release */ = {
			isa = XCBuildConfiguration;
			buildSettings = {
				ALWAYS_SEARCH_USER_PATHS = NO;
				CLANG_CXX_LANGUAGE_STANDARD = "gnu++0x";
				CLANG_CXX_LIBRARY = "libc++";
				CLANG_ENABLE_MODULES = YES;
				CLANG_ENABLE_OBJC_ARC = YES;
				CLANG_WARN_BOOL_CONVERSION = YES;
				CLANG_WARN_CONSTANT_CONVERSION = YES;
				CLANG_WARN_DIRECT_OBJC_ISA_USAGE = YES_ERROR;
				CLANG_WARN_EMPTY_BODY = YES;
				CLANG_WARN_ENUM_CONVERSION = YES;
				CLANG_WARN_INT_CONVERSION = YES;
				CLANG_WARN_OBJC_ROOT_CLASS = YES_ERROR;
				CLANG_WARN_UNREACHABLE_CODE = YES;
				CLANG_WARN__DUPLICATE_METHOD_MATCH = YES;
				"CODE_SIGN_IDENTITY[sdk=iphoneos*]" = "iPhone Developer";
				COPY_PHASE_STRIP = NO;
				DEBUG_INFORMATION_FORMAT = "dwarf-with-dsym";
				ENABLE_NS_ASSERTIONS = NO;
				ENABLE_STRICT_OBJC_MSGSEND = YES;
				GCC_C_LANGUAGE_STANDARD = gnu99;
				GCC_NO_COMMON_BLOCKS = YES;
				GCC_WARN_64_TO_32_BIT_CONVERSION = YES;
				GCC_WARN_ABOUT_RETURN_TYPE = YES_ERROR;
				GCC_WARN_UNDECLARED_SELECTOR = YES;
				GCC_WARN_UNINITIALIZED_AUTOS = YES_AGGRESSIVE;
				GCC_WARN_UNUSED_FUNCTION = YES;
				GCC_WARN_UNUSED_VARIABLE = YES;
				IPHONEOS_DEPLOYMENT_TARGET = 8.4;
				MTL_ENABLE_DEBUG_INFO = NO;
				SDKROOT = iphoneos;
				TARGETED_DEVICE_FAMILY = "1,2";
				VALIDATE_PRODUCT = YES;
			};
			name = Release;
		};
		8914600D1B6F5648002C4EA9 /* Debug */ = {
			isa = XCBuildConfiguration;
			buildSettings = {
				ASSETCATALOG_COMPILER_APPICON_NAME = AppIcon;
				CLANG_ENABLE_MODULES = YES;
				INFOPLIST_FILE = TestACRCloud/Info.plist;
				LD_RUNPATH_SEARCH_PATHS = "$(inherited) @executable_path/Frameworks";
				LIBRARY_SEARCH_PATHS = (
					"$(inherited)",
					"$(PROJECT_DIR)",
				);
				OTHER_SWIFT_FLAGS = "-D DEBUG";
				PRODUCT_NAME = "$(TARGET_NAME)";
				SWIFT_OBJC_BRIDGING_HEADER = "TestACRCloud-Bridging-Header.h";
				SWIFT_OPTIMIZATION_LEVEL = "-Onone";
			};
			name = Debug;
		};
		8914600E1B6F5648002C4EA9 /* Release */ = {
			isa = XCBuildConfiguration;
			buildSettings = {
				ASSETCATALOG_COMPILER_APPICON_NAME = AppIcon;
				CLANG_ENABLE_MODULES = YES;
				INFOPLIST_FILE = TestACRCloud/Info.plist;
				LD_RUNPATH_SEARCH_PATHS = "$(inherited) @executable_path/Frameworks";
				LIBRARY_SEARCH_PATHS = (
					"$(inherited)",
					"$(PROJECT_DIR)",
				);
				PRODUCT_NAME = "$(TARGET_NAME)";
				SWIFT_OBJC_BRIDGING_HEADER = "TestACRCloud-Bridging-Header.h";
			};
			name = Release;
		};
		891460101B6F5648002C4EA9 /* Debug */ = {
			isa = XCBuildConfiguration;
			buildSettings = {
				BUNDLE_LOADER = "$(TEST_HOST)";
				FRAMEWORK_SEARCH_PATHS = (
					"$(SDKROOT)/Developer/Library/Frameworks",
					"$(inherited)",
				);
				GCC_PREPROCESSOR_DEFINITIONS = (
					"DEBUG=1",
					"$(inherited)",
				);
				INFOPLIST_FILE = TestACRCloudTests/Info.plist;
				LD_RUNPATH_SEARCH_PATHS = "$(inherited) @executable_path/Frameworks @loader_path/Frameworks";
				PRODUCT_NAME = "$(TARGET_NAME)";
				TEST_HOST = "$(BUILT_PRODUCTS_DIR)/TestACRCloud.app/TestACRCloud";
			};
			name = Debug;
		};
		891460111B6F5648002C4EA9 /* Release */ = {
			isa = XCBuildConfiguration;
			buildSettings = {
				BUNDLE_LOADER = "$(TEST_HOST)";
				FRAMEWORK_SEARCH_PATHS = (
					"$(SDKROOT)/Developer/Library/Frameworks",
					"$(inherited)",
				);
				INFOPLIST_FILE = TestACRCloudTests/Info.plist;
				LD_RUNPATH_SEARCH_PATHS = "$(inherited) @executable_path/Frameworks @loader_path/Frameworks";
				PRODUCT_NAME = "$(TARGET_NAME)";
				TEST_HOST = "$(BUILT_PRODUCTS_DIR)/TestACRCloud.app/TestACRCloud";
			};
			name = Release;
		};
		8914602B1B6F8825002C4EA9 /* Debug */ = {
			isa = XCBuildConfiguration;
			buildSettings = {
				PRODUCT_NAME = "$(TARGET_NAME)";
				SDKROOT = macosx;
			};
			name = Debug;
		};
		8914602C1B6F8825002C4EA9 /* Release */ = {
			isa = XCBuildConfiguration;
			buildSettings = {
				PRODUCT_NAME = "$(TARGET_NAME)";
				SDKROOT = macosx;
			};
			name = Release;
		};
/* End XCBuildConfiguration section */

/* Begin XCConfigurationList section */
		89145FE81B6F5648002C4EA9 /* Build configuration list for PBXProject "TestACRCloud" */ = {
			isa = XCConfigurationList;
			buildConfigurations = (
				8914600A1B6F5648002C4EA9 /* Debug */,
				8914600B1B6F5648002C4EA9 /* Release */,
			);
			defaultConfigurationIsVisible = 0;
			defaultConfigurationName = Release;
		};
		8914600C1B6F5648002C4EA9 /* Build configuration list for PBXNativeTarget "TestACRCloud" */ = {
			isa = XCConfigurationList;
			buildConfigurations = (
				8914600D1B6F5648002C4EA9 /* Debug */,
				8914600E1B6F5648002C4EA9 /* Release */,
			);
			defaultConfigurationIsVisible = 0;
		};
		8914600F1B6F5648002C4EA9 /* Build configuration list for PBXNativeTarget "TestACRCloudTests" */ = {
			isa = XCConfigurationList;
			buildConfigurations = (
				891460101B6F5648002C4EA9 /* Debug */,
				891460111B6F5648002C4EA9 /* Release */,
			);
			defaultConfigurationIsVisible = 0;
		};
		8914602A1B6F8825002C4EA9 /* Build configuration list for PBXAggregateTarget "FFMPEG" */ = {
			isa = XCConfigurationList;
			buildConfigurations = (
				8914602B1B6F8825002C4EA9 /* Debug */,
				8914602C1B6F8825002C4EA9 /* Release */,
			);
			defaultConfigurationIsVisible = 0;
		};
/* End XCConfigurationList section */
	};
	rootObject = 89145FE51B6F5648002C4EA9 /* Project object */;
}
